
Microsoft Visual Studio Solution File, Format Version 12.00
# Visual Studio Version 17
VisualStudioVersion = 17.13.35913.81 d17.13
MinimumVisualStudioVersion = 10.0.40219.1
Project("{FAE04EC0-301F-11D3-BF4B-00C04F79EFBC}") = "Console Budget Report", "Console Budget Report\Console Budget Report.csproj", "{700DC990-EC07-4BD0-A6CB-BB182230D4AF}"
EndProject
Global
	GlobalSection(SolutionConfigurationPlatforms) = preSolution
		Debug|Any CPU = Debug|Any CPU
		Release|Any CPU = Release|Any CPU
	EndGlobalSection
	GlobalSection(ProjectConfigurationPlatforms) = postSolution
		{700DC990-EC07-4BD0-A6CB-BB182230D4AF}.Debug|Any CPU.ActiveCfg = Debug|Any CPU
		{700DC990-EC07-4BD0-A6CB-BB182230D4AF}.Debug|Any CPU.Build.0 = Debug|Any CPU
		{700DC990-EC07-4BD0-A6CB-BB182230D4AF}.Release|Any CPU.ActiveCfg = Release|Any CPU
		{700DC990-EC07-4BD0-A6CB-BB182230D4AF}.Release|Any CPU.Build.0 = Release|Any CPU
	EndGlobalSection
	GlobalSection(SolutionProperties) = preSolution
		HideSolutionNode = FALSE
	EndGlobalSection
	GlobalSection(ExtensibilityGlobals) = postSolution
		SolutionGuid = {30C819F3-4E25-4CDE-9EA9-0AA62D40E479}
	EndGlobalSection
EndGlobal
